// !$*UTF8*$!
{
	archiveVersion = 1;
	classes = {
	};
	objectVersion = 46;
	objects = {

/* Begin PBXBuildFile section */
		3F41F5241C8921EC0046F4C7 /* AppDelegate.swift in Sources */ = {isa = PBXBuildFile; fileRef = 3F41F5231C8921EC0046F4C7 /* AppDelegate.swift */; };
		3F41F5261C8921EC0046F4C7 /* ViewController.swift in Sources */ = {isa = PBXBuildFile; fileRef = 3F41F5251C8921EC0046F4C7 /* ViewController.swift */; };
		3F41F5291C8921EC0046F4C7 /* Main.storyboard in Resources */ = {isa = PBXBuildFile; fileRef = 3F41F5271C8921EC0046F4C7 /* Main.storyboard */; };
		3F41F52B1C8921EC0046F4C7 /* Assets.xcassets in Resources */ = {isa = PBXBuildFile; fileRef = 3F41F52A1C8921EC0046F4C7 /* Assets.xcassets */; };
		3F41F52E1C8921EC0046F4C7 /* LaunchScreen.storyboard in Resources */ = {isa = PBXBuildFile; fileRef = 3F41F52C1C8921EC0046F4C7 /* LaunchScreen.storyboard */; };
		EDDED37BC66D5CD0288E5003 /* Pods.framework in Frameworks */ = {isa = PBXBuildFile; fileRef = 8BF300C3864291BAB0ECEC20 /* Pods.framework */; };
/* End PBXBuildFile section */

/* Begin PBXFileReference section */
		107AD38F1B73C16760921766 /* Pods.release.xcconfig */ = {isa = PBXFileReference; includeInIndex = 1; lastKnownFileType = text.xcconfig; name = Pods.release.xcconfig; path = "Pods/Target Support Files/Pods/Pods.release.xcconfig"; sourceTree = "<group>"; };
		3F41F5201C8921EC0046F4C7 /* PWEditor.app */ = {isa = PBXFileReference; explicitFileType = wrapper.application; includeInIndex = 0; path = PWEditor.app; sourceTree = BUILT_PRODUCTS_DIR; };
		3F41F5231C8921EC0046F4C7 /* AppDelegate.swift */ = {isa = PBXFileReference; lastKnownFileType = sourcecode.swift; path = AppDelegate.swift; sourceTree = "<group>"; };
		3F41F5251C8921EC0046F4C7 /* ViewController.swift */ = {isa = PBXFileReference; lastKnownFileType = sourcecode.swift; path = ViewController.swift; sourceTree = "<group>"; };
		3F41F5281C8921EC0046F4C7 /* Base */ = {isa = PBXFileReference; lastKnownFileType = file.storyboard; name = Base; path = Base.lproj/Main.storyboard; sourceTree = "<group>"; };
		3F41F52A1C8921EC0046F4C7 /* Assets.xcassets */ = {isa = PBXFileReference; lastKnownFileType = folder.assetcatalog; path = Assets.xcassets; sourceTree = "<group>"; };
		3F41F52D1C8921EC0046F4C7 /* Base */ = {isa = PBXFileReference; lastKnownFileType = file.storyboard; name = Base; path = Base.lproj/LaunchScreen.storyboard; sourceTree = "<group>"; };
		3F41F52F1C8921EC0046F4C7 /* Info.plist */ = {isa = PBXFileReference; lastKnownFileType = text.plist.xml; path = Info.plist; sourceTree = "<group>"; };
		62370B14DA9427B9B9C3F981 /* Pods.debug.xcconfig */ = {isa = PBXFileReference; includeInIndex = 1; lastKnownFileType = text.xcconfig; name = Pods.debug.xcconfig; path = "Pods/Target Support Files/Pods/Pods.debug.xcconfig"; sourceTree = "<group>"; };
		8BF300C3864291BAB0ECEC20 /* Pods.framework */ = {isa = PBXFileReference; explicitFileType = wrapper.framework; includeInIndex = 0; path = Pods.framework; sourceTree = BUILT_PRODUCTS_DIR; };
/* End PBXFileReference section */

/* Begin PBXFrameworksBuildPhase section */
		3F41F51D1C8921EC0046F4C7 /* Frameworks */ = {
			isa = PBXFrameworksBuildPhase;
			buildActionMask = 2147483647;
			files = (
				EDDED37BC66D5CD0288E5003 /* Pods.framework in Frameworks */,
			);
			runOnlyForDeploymentPostprocessing = 0;
		};
/* End PBXFrameworksBuildPhase section */

/* Begin PBXGroup section */
		3F41F5171C8921EC0046F4C7 = {
			isa = PBXGroup;
			children = (
				3F41F5221C8921EC0046F4C7 /* PWEditor */,
				3F41F5211C8921EC0046F4C7 /* Products */,
				6E2E3086701F6D8ADB98C4CB /* Pods */,
				F0E3372A8A5D81166BB2F0DC /* Frameworks */,
			);
			sourceTree = "<group>";
		};
		3F41F5211C8921EC0046F4C7 /* Products */ = {
			isa = PBXGroup;
			children = (
				3F41F5201C8921EC0046F4C7 /* PWEditor.app */,
			);
			name = Products;
			sourceTree = "<group>";
		};
		3F41F5221C8921EC0046F4C7 /* PWEditor */ = {
			isa = PBXGroup;
			children = (
				3F41F5231C8921EC0046F4C7 /* AppDelegate.swift */,
				3F41F5251C8921EC0046F4C7 /* ViewController.swift */,
				3F41F5271C8921EC0046F4C7 /* Main.storyboard */,
				3F41F52A1C8921EC0046F4C7 /* Assets.xcassets */,
				3F41F52C1C8921EC0046F4C7 /* LaunchScreen.storyboard */,
				3F41F52F1C8921EC0046F4C7 /* Info.plist */,
			);
			path = PWEditor;
			sourceTree = "<group>";
		};
		6E2E3086701F6D8ADB98C4CB /* Pods */ = {
			isa = PBXGroup;
			children = (
				62370B14DA9427B9B9C3F981 /* Pods.debug.xcconfig */,
				107AD38F1B73C16760921766 /* Pods.release.xcconfig */,
			);
			name = Pods;
			sourceTree = "<group>";
		};
		F0E3372A8A5D81166BB2F0DC /* Frameworks */ = {
			isa = PBXGroup;
			children = (
				8BF300C3864291BAB0ECEC20 /* Pods.framework */,
			);
			name = Frameworks;
			sourceTree = "<group>";
		};
/* End PBXGroup section */

/* Begin PBXNativeTarget section */
		3F41F51F1C8921EC0046F4C7 /* PWEditor */ = {
			isa = PBXNativeTarget;
			buildConfigurationList = 3F41F5321C8921EC0046F4C7 /* Build configuration list for PBXNativeTarget "PWEditor" */;
			buildPhases = (
				493B3A28BE8748C1C82E021B /* Check Pods Manifest.lock */,
				3F41F51C1C8921EC0046F4C7 /* Sources */,
				3F41F51D1C8921EC0046F4C7 /* Frameworks */,
				3F41F51E1C8921EC0046F4C7 /* Resources */,
				3947AB5A0206C5890964398E /* Embed Pods Frameworks */,
				AF6CE08206AFD17E7EEAFC52 /* Copy Pods Resources */,
			);
			buildRules = (
			);
			dependencies = (
			);
			name = PWEditor;
			productName = PWEditor;
			productReference = 3F41F5201C8921EC0046F4C7 /* PWEditor.app */;
			productType = "com.apple.product-type.application";
		};
/* End PBXNativeTarget section */

/* Begin PBXProject section */
		3F41F5181C8921EC0046F4C7 /* Project object */ = {
			isa = PBXProject;
			attributes = {
				LastSwiftUpdateCheck = 0720;
				LastUpgradeCheck = 0720;
				ORGANIZATIONNAME = Paveway;
				TargetAttributes = {
					3F41F51F1C8921EC0046F4C7 = {
						CreatedOnToolsVersion = 7.2.1;
					};
				};
			};
			buildConfigurationList = 3F41F51B1C8921EC0046F4C7 /* Build configuration list for PBXProject "PWEditor" */;
			compatibilityVersion = "Xcode 3.2";
			developmentRegion = English;
			hasScannedForEncodings = 0;
			knownRegions = (
				en,
				Base,
			);
			mainGroup = 3F41F5171C8921EC0046F4C7;
			productRefGroup = 3F41F5211C8921EC0046F4C7 /* Products */;
			projectDirPath = "";
			projectRoot = "";
			targets = (
				3F41F51F1C8921EC0046F4C7 /* PWEditor */,
			);
		};
/* End PBXProject section */

/* Begin PBXResourcesBuildPhase section */
		3F41F51E1C8921EC0046F4C7 /* Resources */ = {
			isa = PBXResourcesBuildPhase;
			buildActionMask = 2147483647;
			files = (
				3F41F52E1C8921EC0046F4C7 /* LaunchScreen.storyboard in Resources */,
				3F41F52B1C8921EC0046F4C7 /* Assets.xcassets in Resources */,
				3F41F5291C8921EC0046F4C7 /* Main.storyboard in Resources */,
			);
			runOnlyForDeploymentPostprocessing = 0;
		};
/* End PBXResourcesBuildPhase section */

/* Begin PBXShellScriptBuildPhase section */
		3947AB5A0206C5890964398E /* Embed Pods Frameworks */ = {
			isa = PBXShellScriptBuildPhase;
			buildActionMask = 2147483647;
			files = (
			);
			inputPaths = (
			);
			name = "Embed Pods Frameworks";
			outputPaths = (
			);
			runOnlyForDeploymentPostprocessing = 0;
			shellPath = /bin/sh;
			shellScript = "\"${SRCROOT}/Pods/Target Support Files/Pods/Pods-frameworks.sh\"\n";
			showEnvVarsInLog = 0;
		};
		493B3A28BE8748C1C82E021B /* Check Pods Manifest.lock */ = {
			isa = PBXShellScriptBuildPhase;
			buildActionMask = 2147483647;
			files = (
			);
			inputPaths = (
			);
			name = "Check Pods Manifest.lock";
			outputPaths = (
			);
			runOnlyForDeploymentPostprocessing = 0;
			shellPath = /bin/sh;
			shellScript = "diff \"${PODS_ROOT}/../Podfile.lock\" \"${PODS_ROOT}/Manifest.lock\" > /dev/null\nif [[ $? != 0 ]] ; then\n    cat << EOM\nerror: The sandbox is not in sync with the Podfile.lock. Run 'pod install' or update your CocoaPods installation.\nEOM\n    exit 1\nfi\n";
			showEnvVarsInLog = 0;
		};
		AF6CE08206AFD17E7EEAFC52 /* Copy Pods Resources */ = {
			isa = PBXShellScriptBuildPhase;
			buildActionMask = 2147483647;
			files = (
			);
			inputPaths = (
			);
			name = "Copy Pods Resources";
			outputPaths = (
			);
			runOnlyForDeploymentPostprocessing = 0;
			shellPath = /bin/sh;
			shellScript = "\"${SRCROOT}/Pods/Target Support Files/Pods/Pods-resources.sh\"\n";
			showEnvVarsInLog = 0;
		};
/* End PBXShellScriptBuildPhase section */

/* Begin PBXSourcesBuildPhase section */
		3F41F51C1C8921EC0046F4C7 /* Sources */ = {
			isa = PBXSourcesBuildPhase;
			buildActionMask = 2147483647;
			files = (
				3F41F5261C8921EC0046F4C7 /* ViewController.swift in Sources */,
				3F41F5241C8921EC0046F4C7 /* AppDelegate.swift in Sources */,
			);
			runOnlyForDeploymentPostprocessing = 0;
		};
/* End PBXSourcesBuildPhase section */

/* Begin PBXVariantGroup section */
		3F41F5271C8921EC0046F4C7 /* Main.storyboard */ = {
			isa = PBXVariantGroup;
			children = (
				3F41F5281C8921EC0046F4C7 /* Base */,
			);
			name = Main.storyboard;
			sourceTree = "<group>";
		};
		3F41F52C1C8921EC0046F4C7 /* LaunchScreen.storyboard */ = {
			isa = PBXVariantGroup;
			children = (
				3F41F52D1C8921EC0046F4C7 /* Base */,
			);
			name = LaunchScreen.storyboard;
			sourceTree = "<group>";
		};
/* End PBXVariantGroup section */

/* Begin XCBuildConfiguration section */
		3F41F5301C8921EC0046F4C7 /* Debug */ = {
			isa = XCBuildConfiguration;
			buildSettings = {
				ALWAYS_SEARCH_USER_PATHS = NO;
				CLANG_CXX_LANGUAGE_STANDARD = "gnu++0x";
				CLANG_CXX_LIBRARY = "libc++";
				CLANG_ENABLE_MODULES = YES;
				CLANG_ENABLE_OBJC_ARC = YES;
				CLANG_WARN_BOOL_CONVERSION = YES;
				CLANG_WARN_CONSTANT_CONVERSION = YES;
				CLANG_WARN_DIRECT_OBJC_ISA_USAGE = YES_ERROR;
				CLANG_WARN_EMPTY_BODY = YES;
				CLANG_WARN_ENUM_CONVERSION = YES;
				CLANG_WARN_INT_CONVERSION = YES;
				CLANG_WARN_OBJC_ROOT_CLASS = YES_ERROR;
				CLANG_WARN_UNREACHABLE_CODE = YES;
				CLANG_WARN__DUPLICATE_METHOD_MATCH = YES;
				"CODE_SIGN_IDENTITY[sdk=iphoneos*]" = "iPhone Developer";
				COPY_PHASE_STRIP = NO;
				DEBUG_INFORMATION_FORMAT = dwarf;
				ENABLE_STRICT_OBJC_MSGSEND = YES;
				ENABLE_TESTABILITY = YES;
				GCC_C_LANGUAGE_STANDARD = gnu99;
				GCC_DYNAMIC_NO_PIC = NO;
				GCC_NO_COMMON_BLOCKS = YES;
				GCC_OPTIMIZATION_LEVEL = 0;
				GCC_PREPROCESSOR_DEFINITIONS = (
					"DEBUG=1",
					"$(inherited)",
				);
				GCC_WARN_64_TO_32_BIT_CONVERSION = YES;
				GCC_WARN_ABOUT_RETURN_TYPE = YES_ERROR;
				GCC_WARN_UNDECLARED_SELECTOR = YES;
				GCC_WARN_UNINITIALIZED_AUTOS = YES_AGGRESSIVE;
				GCC_WARN_UNUSED_FUNCTION = YES;
				GCC_WARN_UNUSED_VARIABLE = YES;
				IPHONEOS_DEPLOYMENT_TARGET = 9.2;
				MTL_ENABLE_DEBUG_INFO = YES;
				ONLY_ACTIVE_ARCH = YES;
				SDKROOT = iphoneos;
				SWIFT_OPTIMIZATION_LEVEL = "-Onone";
			};
			name = Debug;
		};
		3F41F5311C8921EC0046F4C7 /* Release */ = {
			isa = XCBuildConfiguration;
			buildSettings = {
				ALWAYS_SEARCH_USER_PATHS = NO;
				CLANG_CXX_LANGUAGE_STANDARD = "gnu++0x";
				CLANG_CXX_LIBRARY = "libc++";
				CLANG_ENABLE_MODULES = YES;
				CLANG_ENABLE_OBJC_ARC = YES;
				CLANG_WARN_BOOL_CONVERSION = YES;
				CLANG_WARN_CONSTANT_CONVERSION = YES;
				CLANG_WARN_DIRECT_OBJC_ISA_USAGE = YES_ERROR;
				CLANG_WARN_EMPTY_BODY = YES;
				CLANG_WARN_ENUM_CONVERSION = YES;
				CLANG_WARN_INT_CONVERSION = YES;
				CLANG_WARN_OBJC_ROOT_CLASS = YES_ERROR;
				CLANG_WARN_UNREACHABLE_CODE = YES;
				CLANG_WARN__DUPLICATE_METHOD_MATCH = YES;
				"CODE_SIGN_IDENTITY[sdk=iphoneos*]" = "iPhone Developer";
				COPY_PHASE_STRIP = NO;
				DEBUG_INFORMATION_FORMAT = "dwarf-with-dsym";
				ENABLE_NS_ASSERTIONS = NO;
				ENABLE_STRICT_OBJC_MSGSEND = YES;
				GCC_C_LANGUAGE_STANDARD = gnu99;
				GCC_NO_COMMON_BLOCKS = YES;
				GCC_WARN_64_TO_32_BIT_CONVERSION = YES;
				GCC_WARN_ABOUT_RETURN_TYPE = YES_ERROR;
				GCC_WARN_UNDECLARED_SELECTOR = YES;
				GCC_WARN_UNINITIALIZED_AUTOS = YES_AGGRESSIVE;
				GCC_WARN_UNUSED_FUNCTION = YES;
				GCC_WARN_UNUSED_VARIABLE = YES;
				IPHONEOS_DEPLOYMENT_TARGET = 9.2;
				MTL_ENABLE_DEBUG_INFO = NO;
				SDKROOT = iphoneos;
				VALIDATE_PRODUCT = YES;
			};
			name = Release;
		};
		3F41F5331C8921EC0046F4C7 /* Debug */ = {
			isa = XCBuildConfiguration;
			baseConfigurationReference = 62370B14DA9427B9B9C3F981 /* Pods.debug.xcconfig */;
			buildSettings = {
				ASSETCATALOG_COMPILER_APPICON_NAME = AppIcon;
				INFOPLIST_FILE = PWEditor/Info.plist;
				LD_RUNPATH_SEARCH_PATHS = "$(inherited) @executable_path/Frameworks";
				PRODUCT_BUNDLE_IDENTIFIER = info.paveway.PWEditor;
				PRODUCT_NAME = "$(TARGET_NAME)";
			};
			name = Debug;
		};
		3F41F5341C8921EC0046F4C7 /* Release */ = {
			isa = XCBuildConfiguration;
			baseConfigurationReference = 107AD38F1B73C16760921766 /* Pods.release.xcconfig */;
			buildSettings = {
				ASSETCATALOG_COMPILER_APPICON_NAME = AppIcon;
				INFOPLIST_FILE = PWEditor/Info.plist;
				LD_RUNPATH_SEARCH_PATHS = "$(inherited) @executable_path/Frameworks";
				PRODUCT_BUNDLE_IDENTIFIER = info.paveway.PWEditor;
				PRODUCT_NAME = "$(TARGET_NAME)";
			};
			name = Release;
		};
/* End XCBuildConfiguration section */

/* Begin XCConfigurationList section */
		3F41F51B1C8921EC0046F4C7 /* Build configuration list for PBXProject "PWEditor" */ = {
			isa = XCConfigurationList;
			buildConfigurations = (
				3F41F5301C8921EC0046F4C7 /* Debug */,
				3F41F5311C8921EC0046F4C7 /* Release */,
			);
			defaultConfigurationIsVisible = 0;
			defaultConfigurationName = Release;
		};
		3F41F5321C8921EC0046F4C7 /* Build configuration list for PBXNativeTarget "PWEditor" */ = {
			isa = XCConfigurationList;
			buildConfigurations = (
				3F41F5331C8921EC0046F4C7 /* Debug */,
				3F41F5341C8921EC0046F4C7 /* Release */,
			);
			defaultConfigurationIsVisible = 0;
			defaultConfigurationName = Release;
		};
/* End XCConfigurationList section */
	};
	rootObject = 3F41F5181C8921EC0046F4C7 /* Project object */;
}
